
Microsoft Visual Studio Solution File, Format Version 11.00
# Visual Studio 2010
Project("{FAE04EC0-301F-11D3-BF4B-00C04F79EFBC}") = "YamayaBS", "YamayaBS\YamayaBS.csproj", "{8433119E-3907-4A42-ABB4-2B76A7EF6FB8}"
EndProject
Project("{FAE04EC0-301F-11D3-BF4B-00C04F79EFBC}") = "EncryptionUtil", "EncryptionUtil\EncryptionUtil.csproj", "{0B4BBA45-5A9B-4DF0-9E2E-6B29DDE2EC1E}"
EndProject
Project("{FAE04EC0-301F-11D3-BF4B-00C04F79EFBC}") = "Yamaya", "Yamaya\Yamaya.csproj", "{9FAD3ACD-AB31-40F4-84BD-B3FD61F60412}"
EndProject
Project("{FAE04EC0-301F-11D3-BF4B-00C04F79EFBC}") = "DBConnectSetting", "ConnectionSetting\DBConnectSetting\DBConnectSetting.csproj", "{DC073E7C-6999-4B99-9C49-DA1428ADB284}"
EndProject
Project("{6141683F-8A12-4E36-9623-2EB02B2C2303}") = "InstallShieldV2", "InstallShieldV2\InstallShieldV2.isproj", "{5855913A-9305-4587-9BDC-85D085D4A541}"
EndProject
Global
	GlobalSection(SolutionConfigurationPlatforms) = preSolution
		CD_ROM|Any CPU = CD_ROM|Any CPU
		CD_ROM|Mixed Platforms = CD_ROM|Mixed Platforms
		CD_ROM|x86 = CD_ROM|x86
		Debug|Any CPU = Debug|Any CPU
		Debug|Mixed Platforms = Debug|Mixed Platforms
		Debug|x86 = Debug|x86
		DVD-5|Any CPU = DVD-5|Any CPU
		DVD-5|Mixed Platforms = DVD-5|Mixed Platforms
		DVD-5|x86 = DVD-5|x86
		Release|Any CPU = Release|Any CPU
		Release|Mixed Platforms = Release|Mixed Platforms
		Release|x86 = Release|x86
		SingleImage|Any CPU = SingleImage|Any CPU
		SingleImage|Mixed Platforms = SingleImage|Mixed Platforms
		SingleImage|x86 = SingleImage|x86
	EndGlobalSection
	GlobalSection(ProjectConfigurationPlatforms) = postSolution
		{8433119E-3907-4A42-ABB4-2B76A7EF6FB8}.CD_ROM|Any CPU.ActiveCfg = Release|Any CPU
		{8433119E-3907-4A42-ABB4-2B76A7EF6FB8}.CD_ROM|Any CPU.Build.0 = Release|Any CPU
		{8433119E-3907-4A42-ABB4-2B76A7EF6FB8}.CD_ROM|Mixed Platforms.ActiveCfg = Release|Any CPU
		{8433119E-3907-4A42-ABB4-2B76A7EF6FB8}.CD_ROM|Mixed Platforms.Build.0 = Release|Any CPU
		{8433119E-3907-4A42-ABB4-2B76A7EF6FB8}.CD_ROM|x86.ActiveCfg = Release|Any CPU
		{8433119E-3907-4A42-ABB4-2B76A7EF6FB8}.Debug|Any CPU.ActiveCfg = Debug|Any CPU
		{8433119E-3907-4A42-ABB4-2B76A7EF6FB8}.Debug|Any CPU.Build.0 = Debug|Any CPU
		{8433119E-3907-4A42-ABB4-2B76A7EF6FB8}.Debug|Mixed Platforms.ActiveCfg = Debug|Any CPU
		{8433119E-3907-4A42-ABB4-2B76A7EF6FB8}.Debug|Mixed Platforms.Build.0 = Debug|Any CPU
		{8433119E-3907-4A42-ABB4-2B76A7EF6FB8}.Debug|x86.ActiveCfg = Debug|Any CPU
		{8433119E-3907-4A42-ABB4-2B76A7EF6FB8}.DVD-5|Any CPU.ActiveCfg = Debug|Any CPU
		{8433119E-3907-4A42-ABB4-2B76A7EF6FB8}.DVD-5|Any CPU.Build.0 = Debug|Any CPU
		{8433119E-3907-4A42-ABB4-2B76A7EF6FB8}.DVD-5|Mixed Platforms.ActiveCfg = Debug|Any CPU
		{8433119E-3907-4A42-ABB4-2B76A7EF6FB8}.DVD-5|Mixed Platforms.Build.0 = Debug|Any CPU
		{8433119E-3907-4A42-ABB4-2B76A7EF6FB8}.DVD-5|x86.ActiveCfg = Debug|Any CPU
		{8433119E-3907-4A42-ABB4-2B76A7EF6FB8}.Release|Any CPU.ActiveCfg = Release|Any CPU
		{8433119E-3907-4A42-ABB4-2B76A7EF6FB8}.Release|Any CPU.Build.0 = Release|Any CPU
		{8433119E-3907-4A42-ABB4-2B76A7EF6FB8}.Release|Mixed Platforms.ActiveCfg = Release|Any CPU
		{8433119E-3907-4A42-ABB4-2B76A7EF6FB8}.Release|Mixed Platforms.Build.0 = Release|Any CPU
		{8433119E-3907-4A42-ABB4-2B76A7EF6FB8}.Release|x86.ActiveCfg = Release|Any CPU
		{8433119E-3907-4A42-ABB4-2B76A7EF6FB8}.SingleImage|Any CPU.ActiveCfg = Release|Any CPU
		{8433119E-3907-4A42-ABB4-2B76A7EF6FB8}.SingleImage|Any CPU.Build.0 = Release|Any CPU
		{8433119E-3907-4A42-ABB4-2B76A7EF6FB8}.SingleImage|Mixed Platforms.ActiveCfg = Release|Any CPU
		{8433119E-3907-4A42-ABB4-2B76A7EF6FB8}.SingleImage|Mixed Platforms.Build.0 = Release|Any CPU
		{8433119E-3907-4A42-ABB4-2B76A7EF6FB8}.SingleImage|x86.ActiveCfg = Release|Any CPU
		{0B4BBA45-5A9B-4DF0-9E2E-6B29DDE2EC1E}.CD_ROM|Any CPU.ActiveCfg = Release|Any CPU
		{0B4BBA45-5A9B-4DF0-9E2E-6B29DDE2EC1E}.CD_ROM|Any CPU.Build.0 = Release|Any CPU
		{0B4BBA45-5A9B-4DF0-9E2E-6B29DDE2EC1E}.CD_ROM|Mixed Platforms.ActiveCfg = Release|Any CPU
		{0B4BBA45-5A9B-4DF0-9E2E-6B29DDE2EC1E}.CD_ROM|Mixed Platforms.Build.0 = Release|Any CPU
		{0B4BBA45-5A9B-4DF0-9E2E-6B29DDE2EC1E}.CD_ROM|x86.ActiveCfg = Release|Any CPU
		{0B4BBA45-5A9B-4DF0-9E2E-6B29DDE2EC1E}.Debug|Any CPU.ActiveCfg = Debug|Any CPU
		{0B4BBA45-5A9B-4DF0-9E2E-6B29DDE2EC1E}.Debug|Any CPU.Build.0 = Debug|Any CPU
		{0B4BBA45-5A9B-4DF0-9E2E-6B29DDE2EC1E}.Debug|Mixed Platforms.ActiveCfg = Debug|Any CPU
		{0B4BBA45-5A9B-4DF0-9E2E-6B29DDE2EC1E}.Debug|Mixed Platforms.Build.0 = Debug|Any CPU
		{0B4BBA45-5A9B-4DF0-9E2E-6B29DDE2EC1E}.Debug|x86.ActiveCfg = Debug|Any CPU
		{0B4BBA45-5A9B-4DF0-9E2E-6B29DDE2EC1E}.DVD-5|Any CPU.ActiveCfg = Debug|Any CPU
		{0B4BBA45-5A9B-4DF0-9E2E-6B29DDE2EC1E}.DVD-5|Any CPU.Build.0 = Debug|Any CPU
		{0B4BBA45-5A9B-4DF0-9E2E-6B29DDE2EC1E}.DVD-5|Mixed Platforms.ActiveCfg = Debug|Any CPU
		{0B4BBA45-5A9B-4DF0-9E2E-6B29DDE2EC1E}.DVD-5|Mixed Platforms.Build.0 = Debug|Any CPU
		{0B4BBA45-5A9B-4DF0-9E2E-6B29DDE2EC1E}.DVD-5|x86.ActiveCfg = Debug|Any CPU
		{0B4BBA45-5A9B-4DF0-9E2E-6B29DDE2EC1E}.Release|Any CPU.ActiveCfg = Release|Any CPU
		{0B4BBA45-5A9B-4DF0-9E2E-6B29DDE2EC1E}.Release|Any CPU.Build.0 = Release|Any CPU
		{0B4BBA45-5A9B-4DF0-9E2E-6B29DDE2EC1E}.Release|Mixed Platforms.ActiveCfg = Release|Any CPU
		{0B4BBA45-5A9B-4DF0-9E2E-6B29DDE2EC1E}.Release|Mixed Platforms.Build.0 = Release|Any CPU
		{0B4BBA45-5A9B-4DF0-9E2E-6B29DDE2EC1E}.Release|x86.ActiveCfg = Release|Any CPU
		{0B4BBA45-5A9B-4DF0-9E2E-6B29DDE2EC1E}.SingleImage|Any CPU.ActiveCfg = Release|Any CPU
		{0B4BBA45-5A9B-4DF0-9E2E-6B29DDE2EC1E}.SingleImage|Any CPU.Build.0 = Release|Any CPU
		{0B4BBA45-5A9B-4DF0-9E2E-6B29DDE2EC1E}.SingleImage|Mixed Platforms.ActiveCfg = Release|Any CPU
		{0B4BBA45-5A9B-4DF0-9E2E-6B29DDE2EC1E}.SingleImage|Mixed Platforms.Build.0 = Release|Any CPU
		{0B4BBA45-5A9B-4DF0-9E2E-6B29DDE2EC1E}.SingleImage|x86.ActiveCfg = Release|Any CPU
		{9FAD3ACD-AB31-40F4-84BD-B3FD61F60412}.CD_ROM|Any CPU.ActiveCfg = Release|x86
		{9FAD3ACD-AB31-40F4-84BD-B3FD61F60412}.CD_ROM|Mixed Platforms.ActiveCfg = Release|x86
		{9FAD3ACD-AB31-40F4-84BD-B3FD61F60412}.CD_ROM|Mixed Platforms.Build.0 = Release|x86
		{9FAD3ACD-AB31-40F4-84BD-B3FD61F60412}.CD_ROM|x86.ActiveCfg = Release|x86
		{9FAD3ACD-AB31-40F4-84BD-B3FD61F60412}.CD_ROM|x86.Build.0 = Release|x86
		{9FAD3ACD-AB31-40F4-84BD-B3FD61F60412}.Debug|Any CPU.ActiveCfg = Debug|x86
		{9FAD3ACD-AB31-40F4-84BD-B3FD61F60412}.Debug|Mixed Platforms.ActiveCfg = Debug|x86
		{9FAD3ACD-AB31-40F4-84BD-B3FD61F60412}.Debug|Mixed Platforms.Build.0 = Debug|x86
		{9FAD3ACD-AB31-40F4-84BD-B3FD61F60412}.Debug|x86.ActiveCfg = Debug|x86
		{9FAD3ACD-AB31-40F4-84BD-B3FD61F60412}.Debug|x86.Build.0 = Debug|x86
		{9FAD3ACD-AB31-40F4-84BD-B3FD61F60412}.DVD-5|Any CPU.ActiveCfg = Debug|x86
		{9FAD3ACD-AB31-40F4-84BD-B3FD61F60412}.DVD-5|Mixed Platforms.ActiveCfg = Debug|x86
		{9FAD3ACD-AB31-40F4-84BD-B3FD61F60412}.DVD-5|Mixed Platforms.Build.0 = Debug|x86
		{9FAD3ACD-AB31-40F4-84BD-B3FD61F60412}.DVD-5|x86.ActiveCfg = Debug|x86
		{9FAD3ACD-AB31-40F4-84BD-B3FD61F60412}.DVD-5|x86.Build.0 = Debug|x86
		{9FAD3ACD-AB31-40F4-84BD-B3FD61F60412}.Release|Any CPU.ActiveCfg = Release|x86
		{9FAD3ACD-AB31-40F4-84BD-B3FD61F60412}.Release|Mixed Platforms.ActiveCfg = Release|x86
		{9FAD3ACD-AB31-40F4-84BD-B3FD61F60412}.Release|Mixed Platforms.Build.0 = Release|x86
		{9FAD3ACD-AB31-40F4-84BD-B3FD61F60412}.Release|x86.ActiveCfg = Release|x86
		{9FAD3ACD-AB31-40F4-84BD-B3FD61F60412}.Release|x86.Build.0 = Release|x86
		{9FAD3ACD-AB31-40F4-84BD-B3FD61F60412}.SingleImage|Any CPU.ActiveCfg = Release|x86
		{9FAD3ACD-AB31-40F4-84BD-B3FD61F60412}.SingleImage|Mixed Platforms.ActiveCfg = Release|x86
		{9FAD3ACD-AB31-40F4-84BD-B3FD61F60412}.SingleImage|Mixed Platforms.Build.0 = Release|x86
		{9FAD3ACD-AB31-40F4-84BD-B3FD61F60412}.SingleImage|x86.ActiveCfg = Release|x86
		{9FAD3ACD-AB31-40F4-84BD-B3FD61F60412}.SingleImage|x86.Build.0 = Release|x86
		{DC073E7C-6999-4B99-9C49-DA1428ADB284}.CD_ROM|Any CPU.ActiveCfg = Release|x86
		{DC073E7C-6999-4B99-9C49-DA1428ADB284}.CD_ROM|Mixed Platforms.ActiveCfg = Release|x86
		{DC073E7C-6999-4B99-9C49-DA1428ADB284}.CD_ROM|Mixed Platforms.Build.0 = Release|x86
		{DC073E7C-6999-4B99-9C49-DA1428ADB284}.CD_ROM|x86.ActiveCfg = Release|x86
		{DC073E7C-6999-4B99-9C49-DA1428ADB284}.CD_ROM|x86.Build.0 = Release|x86
		{DC073E7C-6999-4B99-9C49-DA1428ADB284}.Debug|Any CPU.ActiveCfg = Debug|x86
		{DC073E7C-6999-4B99-9C49-DA1428ADB284}.Debug|Mixed Platforms.ActiveCfg = Debug|x86
		{DC073E7C-6999-4B99-9C49-DA1428ADB284}.Debug|Mixed Platforms.Build.0 = Debug|x86
		{DC073E7C-6999-4B99-9C49-DA1428ADB284}.Debug|x86.ActiveCfg = Debug|x86
		{DC073E7C-6999-4B99-9C49-DA1428ADB284}.Debug|x86.Build.0 = Debug|x86
		{DC073E7C-6999-4B99-9C49-DA1428ADB284}.DVD-5|Any CPU.ActiveCfg = Debug|x86
		{DC073E7C-6999-4B99-9C49-DA1428ADB284}.DVD-5|Mixed Platforms.ActiveCfg = Debug|x86
		{DC073E7C-6999-4B99-9C49-DA1428ADB284}.DVD-5|Mixed Platforms.Build.0 = Debug|x86
		{DC073E7C-6999-4B99-9C49-DA1428ADB284}.DVD-5|x86.ActiveCfg = Debug|x86
		{DC073E7C-6999-4B99-9C49-DA1428ADB284}.DVD-5|x86.Build.0 = Debug|x86
		{DC073E7C-6999-4B99-9C49-DA1428ADB284}.Release|Any CPU.ActiveCfg = Release|x86
		{DC073E7C-6999-4B99-9C49-DA1428ADB284}.Release|Mixed Platforms.ActiveCfg = Release|x86
		{DC073E7C-6999-4B99-9C49-DA1428ADB284}.Release|Mixed Platforms.Build.0 = Release|x86
		{DC073E7C-6999-4B99-9C49-DA1428ADB284}.Release|x86.ActiveCfg = Release|x86
		{DC073E7C-6999-4B99-9C49-DA1428ADB284}.Release|x86.Build.0 = Release|x86
		{DC073E7C-6999-4B99-9C49-DA1428ADB284}.SingleImage|Any CPU.ActiveCfg = Release|x86
		{DC073E7C-6999-4B99-9C49-DA1428ADB284}.SingleImage|Mixed Platforms.ActiveCfg = Release|x86
		{DC073E7C-6999-4B99-9C49-DA1428ADB284}.SingleImage|Mixed Platforms.Build.0 = Release|x86
		{DC073E7C-6999-4B99-9C49-DA1428ADB284}.SingleImage|x86.ActiveCfg = Release|x86
		{DC073E7C-6999-4B99-9C49-DA1428ADB284}.SingleImage|x86.Build.0 = Release|x86
		{5855913A-9305-4587-9BDC-85D085D4A541}.CD_ROM|Any CPU.ActiveCfg = CD_ROM
		{5855913A-9305-4587-9BDC-85D085D4A541}.CD_ROM|Any CPU.Build.0 = CD_ROM
		{5855913A-9305-4587-9BDC-85D085D4A541}.CD_ROM|Mixed Platforms.ActiveCfg = CD_ROM
		{5855913A-9305-4587-9BDC-85D085D4A541}.CD_ROM|Mixed Platforms.Build.0 = CD_ROM
		{5855913A-9305-4587-9BDC-85D085D4A541}.CD_ROM|x86.ActiveCfg = CD_ROM
		{5855913A-9305-4587-9BDC-85D085D4A541}.CD_ROM|x86.Build.0 = CD_ROM
		{5855913A-9305-4587-9BDC-85D085D4A541}.Debug|Any CPU.ActiveCfg = DVD-5
		{5855913A-9305-4587-9BDC-85D085D4A541}.Debug|Any CPU.Build.0 = DVD-5
		{5855913A-9305-4587-9BDC-85D085D4A541}.Debug|Mixed Platforms.ActiveCfg = DVD-5
		{5855913A-9305-4587-9BDC-85D085D4A541}.Debug|Mixed Platforms.Build.0 = DVD-5
		{5855913A-9305-4587-9BDC-85D085D4A541}.Debug|x86.ActiveCfg = DVD-5
		{5855913A-9305-4587-9BDC-85D085D4A541}.Debug|x86.Build.0 = DVD-5
		{5855913A-9305-4587-9BDC-85D085D4A541}.DVD-5|Any CPU.ActiveCfg = DVD-5
		{5855913A-9305-4587-9BDC-85D085D4A541}.DVD-5|Any CPU.Build.0 = DVD-5
		{5855913A-9305-4587-9BDC-85D085D4A541}.DVD-5|Mixed Platforms.ActiveCfg = DVD-5
		{5855913A-9305-4587-9BDC-85D085D4A541}.DVD-5|Mixed Platforms.Build.0 = DVD-5
		{5855913A-9305-4587-9BDC-85D085D4A541}.DVD-5|x86.ActiveCfg = DVD-5
		{5855913A-9305-4587-9BDC-85D085D4A541}.DVD-5|x86.Build.0 = DVD-5
		{5855913A-9305-4587-9BDC-85D085D4A541}.Release|Any CPU.ActiveCfg = SingleImage
		{5855913A-9305-4587-9BDC-85D085D4A541}.Release|Any CPU.Build.0 = SingleImage
		{5855913A-9305-4587-9BDC-85D085D4A541}.Release|Mixed Platforms.ActiveCfg = SingleImage
		{5855913A-9305-4587-9BDC-85D085D4A541}.Release|Mixed Platforms.Build.0 = SingleImage
		{5855913A-9305-4587-9BDC-85D085D4A541}.Release|x86.ActiveCfg = SingleImage
		{5855913A-9305-4587-9BDC-85D085D4A541}.Release|x86.Build.0 = SingleImage
		{5855913A-9305-4587-9BDC-85D085D4A541}.SingleImage|Any CPU.ActiveCfg = SingleImage
		{5855913A-9305-4587-9BDC-85D085D4A541}.SingleImage|Any CPU.Build.0 = SingleImage
		{5855913A-9305-4587-9BDC-85D085D4A541}.SingleImage|Mixed Platforms.ActiveCfg = SingleImage
		{5855913A-9305-4587-9BDC-85D085D4A541}.SingleImage|Mixed Platforms.Build.0 = SingleImage
		{5855913A-9305-4587-9BDC-85D085D4A541}.SingleImage|x86.ActiveCfg = SingleImage
		{5855913A-9305-4587-9BDC-85D085D4A541}.SingleImage|x86.Build.0 = SingleImage
	EndGlobalSection
	GlobalSection(SolutionProperties) = preSolution
		HideSolutionNode = FALSE
	EndGlobalSection
EndGlobal
