
Microsoft Visual Studio Solution File, Format Version 11.00
# Visual Studio 2010
Project("{FAE04EC0-301F-11D3-BF4B-00C04F79EFBC}") = "YamayaBS", "YamayaBS\YamayaBS.csproj", "{8433119E-3907-4A42-ABB4-2B76A7EF6FB8}"
EndProject
Project("{FAE04EC0-301F-11D3-BF4B-00C04F79EFBC}") = "EncryptionUtil", "EncryptionUtil\EncryptionUtil.csproj", "{0B4BBA45-5A9B-4DF0-9E2E-6B29DDE2EC1E}"
EndProject
Project("{FAE04EC0-301F-11D3-BF4B-00C04F79EFBC}") = "Yamaya", "Yamaya\Yamaya.csproj", "{9FAD3ACD-AB31-40F4-84BD-B3FD61F60412}"
EndProject
Project("{FAE04EC0-301F-11D3-BF4B-00C04F79EFBC}") = "DBConnectSetting", "ConnectionSetting\DBConnectSetting\DBConnectSetting.csproj", "{DC073E7C-6999-4B99-9C49-DA1428ADB284}"
EndProject
Project("{6141683F-8A12-4E36-9623-2EB02B2C2303}") = "InstallShieldV2", "InstallShieldV2\InstallShieldV2.isproj", "{5855913A-9305-4587-9BDC-85D085D4A541}"
EndProject
Project("{8BC9CEB8-8B4A-11D0-8D11-00A0C91BC942}") = "Stmts", "Stmts\Stmts.vcxproj", "{612AFE73-19BE-411B-8E68-8F42A65F064F}"
EndProject
Project("{6141683F-8A12-4E36-9623-2EB02B2C2303}") = "SetupTest", "SetupTest\SetupTest.isproj", "{F9E10362-590B-45F0-B0B5-912DAD1EFBAA}"
EndProject
Project("{6141683F-8A12-4E36-9623-2EB02B2C2303}") = "SetupActual", "SetupActual\SetupActual.isproj", "{F88E4B13-0E52-4821-B742-D8A833E7AC1F}"
EndProject
Global
	GlobalSection(SolutionConfigurationPlatforms) = preSolution
		CD_ROM|Any CPU = CD_ROM|Any CPU
		CD_ROM|Mixed Platforms = CD_ROM|Mixed Platforms
		CD_ROM|Win32 = CD_ROM|Win32
		CD_ROM|x86 = CD_ROM|x86
		Debug|Any CPU = Debug|Any CPU
		Debug|Mixed Platforms = Debug|Mixed Platforms
		Debug|Win32 = Debug|Win32
		Debug|x86 = Debug|x86
		DVD-5|Any CPU = DVD-5|Any CPU
		DVD-5|Mixed Platforms = DVD-5|Mixed Platforms
		DVD-5|Win32 = DVD-5|Win32
		DVD-5|x86 = DVD-5|x86
		Release|Any CPU = Release|Any CPU
		Release|Mixed Platforms = Release|Mixed Platforms
		Release|Win32 = Release|Win32
		Release|x86 = Release|x86
		SingleImage|Any CPU = SingleImage|Any CPU
		SingleImage|Mixed Platforms = SingleImage|Mixed Platforms
		SingleImage|Win32 = SingleImage|Win32
		SingleImage|x86 = SingleImage|x86
	EndGlobalSection
	GlobalSection(ProjectConfigurationPlatforms) = postSolution
		{8433119E-3907-4A42-ABB4-2B76A7EF6FB8}.CD_ROM|Any CPU.ActiveCfg = Release|Any CPU
		{8433119E-3907-4A42-ABB4-2B76A7EF6FB8}.CD_ROM|Any CPU.Build.0 = Release|Any CPU
		{8433119E-3907-4A42-ABB4-2B76A7EF6FB8}.CD_ROM|Mixed Platforms.ActiveCfg = Release|Any CPU
		{8433119E-3907-4A42-ABB4-2B76A7EF6FB8}.CD_ROM|Mixed Platforms.Build.0 = Release|Any CPU
		{8433119E-3907-4A42-ABB4-2B76A7EF6FB8}.CD_ROM|Win32.ActiveCfg = Release|Any CPU
		{8433119E-3907-4A42-ABB4-2B76A7EF6FB8}.CD_ROM|x86.ActiveCfg = Release|Any CPU
		{8433119E-3907-4A42-ABB4-2B76A7EF6FB8}.Debug|Any CPU.ActiveCfg = Debug|Any CPU
		{8433119E-3907-4A42-ABB4-2B76A7EF6FB8}.Debug|Any CPU.Build.0 = Debug|Any CPU
		{8433119E-3907-4A42-ABB4-2B76A7EF6FB8}.Debug|Mixed Platforms.ActiveCfg = Debug|Any CPU
		{8433119E-3907-4A42-ABB4-2B76A7EF6FB8}.Debug|Mixed Platforms.Build.0 = Debug|Any CPU
		{8433119E-3907-4A42-ABB4-2B76A7EF6FB8}.Debug|Win32.ActiveCfg = Debug|Any CPU
		{8433119E-3907-4A42-ABB4-2B76A7EF6FB8}.Debug|x86.ActiveCfg = Debug|Any CPU
		{8433119E-3907-4A42-ABB4-2B76A7EF6FB8}.DVD-5|Any CPU.ActiveCfg = Debug|Any CPU
		{8433119E-3907-4A42-ABB4-2B76A7EF6FB8}.DVD-5|Any CPU.Build.0 = Debug|Any CPU
		{8433119E-3907-4A42-ABB4-2B76A7EF6FB8}.DVD-5|Mixed Platforms.ActiveCfg = Debug|Any CPU
		{8433119E-3907-4A42-ABB4-2B76A7EF6FB8}.DVD-5|Mixed Platforms.Build.0 = Debug|Any CPU
		{8433119E-3907-4A42-ABB4-2B76A7EF6FB8}.DVD-5|Win32.ActiveCfg = Debug|Any CPU
		{8433119E-3907-4A42-ABB4-2B76A7EF6FB8}.DVD-5|x86.ActiveCfg = Debug|Any CPU
		{8433119E-3907-4A42-ABB4-2B76A7EF6FB8}.Release|Any CPU.ActiveCfg = Release|Any CPU
		{8433119E-3907-4A42-ABB4-2B76A7EF6FB8}.Release|Any CPU.Build.0 = Release|Any CPU
		{8433119E-3907-4A42-ABB4-2B76A7EF6FB8}.Release|Mixed Platforms.ActiveCfg = Release|Any CPU
		{8433119E-3907-4A42-ABB4-2B76A7EF6FB8}.Release|Mixed Platforms.Build.0 = Release|Any CPU
		{8433119E-3907-4A42-ABB4-2B76A7EF6FB8}.Release|Win32.ActiveCfg = Release|Any CPU
		{8433119E-3907-4A42-ABB4-2B76A7EF6FB8}.Release|x86.ActiveCfg = Release|Any CPU
		{8433119E-3907-4A42-ABB4-2B76A7EF6FB8}.SingleImage|Any CPU.ActiveCfg = Release|Any CPU
		{8433119E-3907-4A42-ABB4-2B76A7EF6FB8}.SingleImage|Any CPU.Build.0 = Release|Any CPU
		{8433119E-3907-4A42-ABB4-2B76A7EF6FB8}.SingleImage|Mixed Platforms.ActiveCfg = Release|Any CPU
		{8433119E-3907-4A42-ABB4-2B76A7EF6FB8}.SingleImage|Mixed Platforms.Build.0 = Release|Any CPU
		{8433119E-3907-4A42-ABB4-2B76A7EF6FB8}.SingleImage|Win32.ActiveCfg = Release|Any CPU
		{8433119E-3907-4A42-ABB4-2B76A7EF6FB8}.SingleImage|x86.ActiveCfg = Release|Any CPU
		{0B4BBA45-5A9B-4DF0-9E2E-6B29DDE2EC1E}.CD_ROM|Any CPU.ActiveCfg = Release|Any CPU
		{0B4BBA45-5A9B-4DF0-9E2E-6B29DDE2EC1E}.CD_ROM|Any CPU.Build.0 = Release|Any CPU
		{0B4BBA45-5A9B-4DF0-9E2E-6B29DDE2EC1E}.CD_ROM|Mixed Platforms.ActiveCfg = Release|Any CPU
		{0B4BBA45-5A9B-4DF0-9E2E-6B29DDE2EC1E}.CD_ROM|Mixed Platforms.Build.0 = Release|Any CPU
		{0B4BBA45-5A9B-4DF0-9E2E-6B29DDE2EC1E}.CD_ROM|Win32.ActiveCfg = Release|Any CPU
		{0B4BBA45-5A9B-4DF0-9E2E-6B29DDE2EC1E}.CD_ROM|x86.ActiveCfg = Release|Any CPU
		{0B4BBA45-5A9B-4DF0-9E2E-6B29DDE2EC1E}.Debug|Any CPU.ActiveCfg = Debug|Any CPU
		{0B4BBA45-5A9B-4DF0-9E2E-6B29DDE2EC1E}.Debug|Any CPU.Build.0 = Debug|Any CPU
		{0B4BBA45-5A9B-4DF0-9E2E-6B29DDE2EC1E}.Debug|Mixed Platforms.ActiveCfg = Debug|Any CPU
		{0B4BBA45-5A9B-4DF0-9E2E-6B29DDE2EC1E}.Debug|Mixed Platforms.Build.0 = Debug|Any CPU
		{0B4BBA45-5A9B-4DF0-9E2E-6B29DDE2EC1E}.Debug|Win32.ActiveCfg = Debug|Any CPU
		{0B4BBA45-5A9B-4DF0-9E2E-6B29DDE2EC1E}.Debug|x86.ActiveCfg = Debug|Any CPU
		{0B4BBA45-5A9B-4DF0-9E2E-6B29DDE2EC1E}.DVD-5|Any CPU.ActiveCfg = Debug|Any CPU
		{0B4BBA45-5A9B-4DF0-9E2E-6B29DDE2EC1E}.DVD-5|Any CPU.Build.0 = Debug|Any CPU
		{0B4BBA45-5A9B-4DF0-9E2E-6B29DDE2EC1E}.DVD-5|Mixed Platforms.ActiveCfg = Debug|Any CPU
		{0B4BBA45-5A9B-4DF0-9E2E-6B29DDE2EC1E}.DVD-5|Mixed Platforms.Build.0 = Debug|Any CPU
		{0B4BBA45-5A9B-4DF0-9E2E-6B29DDE2EC1E}.DVD-5|Win32.ActiveCfg = Debug|Any CPU
		{0B4BBA45-5A9B-4DF0-9E2E-6B29DDE2EC1E}.DVD-5|x86.ActiveCfg = Debug|Any CPU
		{0B4BBA45-5A9B-4DF0-9E2E-6B29DDE2EC1E}.Release|Any CPU.ActiveCfg = Release|Any CPU
		{0B4BBA45-5A9B-4DF0-9E2E-6B29DDE2EC1E}.Release|Any CPU.Build.0 = Release|Any CPU
		{0B4BBA45-5A9B-4DF0-9E2E-6B29DDE2EC1E}.Release|Mixed Platforms.ActiveCfg = Release|Any CPU
		{0B4BBA45-5A9B-4DF0-9E2E-6B29DDE2EC1E}.Release|Mixed Platforms.Build.0 = Release|Any CPU
		{0B4BBA45-5A9B-4DF0-9E2E-6B29DDE2EC1E}.Release|Win32.ActiveCfg = Release|Any CPU
		{0B4BBA45-5A9B-4DF0-9E2E-6B29DDE2EC1E}.Release|x86.ActiveCfg = Release|Any CPU
		{0B4BBA45-5A9B-4DF0-9E2E-6B29DDE2EC1E}.SingleImage|Any CPU.ActiveCfg = Release|Any CPU
		{0B4BBA45-5A9B-4DF0-9E2E-6B29DDE2EC1E}.SingleImage|Any CPU.Build.0 = Release|Any CPU
		{0B4BBA45-5A9B-4DF0-9E2E-6B29DDE2EC1E}.SingleImage|Mixed Platforms.ActiveCfg = Release|Any CPU
		{0B4BBA45-5A9B-4DF0-9E2E-6B29DDE2EC1E}.SingleImage|Mixed Platforms.Build.0 = Release|Any CPU
		{0B4BBA45-5A9B-4DF0-9E2E-6B29DDE2EC1E}.SingleImage|Win32.ActiveCfg = Release|Any CPU
		{0B4BBA45-5A9B-4DF0-9E2E-6B29DDE2EC1E}.SingleImage|x86.ActiveCfg = Release|Any CPU
		{9FAD3ACD-AB31-40F4-84BD-B3FD61F60412}.CD_ROM|Any CPU.ActiveCfg = Release|x86
		{9FAD3ACD-AB31-40F4-84BD-B3FD61F60412}.CD_ROM|Mixed Platforms.ActiveCfg = Release|x86
		{9FAD3ACD-AB31-40F4-84BD-B3FD61F60412}.CD_ROM|Mixed Platforms.Build.0 = Release|x86
		{9FAD3ACD-AB31-40F4-84BD-B3FD61F60412}.CD_ROM|Win32.ActiveCfg = Release|x86
		{9FAD3ACD-AB31-40F4-84BD-B3FD61F60412}.CD_ROM|x86.ActiveCfg = Release|x86
		{9FAD3ACD-AB31-40F4-84BD-B3FD61F60412}.CD_ROM|x86.Build.0 = Release|x86
		{9FAD3ACD-AB31-40F4-84BD-B3FD61F60412}.Debug|Any CPU.ActiveCfg = Debug|x86
		{9FAD3ACD-AB31-40F4-84BD-B3FD61F60412}.Debug|Mixed Platforms.ActiveCfg = Debug|x86
		{9FAD3ACD-AB31-40F4-84BD-B3FD61F60412}.Debug|Mixed Platforms.Build.0 = Debug|x86
		{9FAD3ACD-AB31-40F4-84BD-B3FD61F60412}.Debug|Win32.ActiveCfg = Debug|x86
		{9FAD3ACD-AB31-40F4-84BD-B3FD61F60412}.Debug|x86.ActiveCfg = Debug|x86
		{9FAD3ACD-AB31-40F4-84BD-B3FD61F60412}.Debug|x86.Build.0 = Debug|x86
		{9FAD3ACD-AB31-40F4-84BD-B3FD61F60412}.DVD-5|Any CPU.ActiveCfg = Debug|x86
		{9FAD3ACD-AB31-40F4-84BD-B3FD61F60412}.DVD-5|Mixed Platforms.ActiveCfg = Debug|x86
		{9FAD3ACD-AB31-40F4-84BD-B3FD61F60412}.DVD-5|Mixed Platforms.Build.0 = Debug|x86
		{9FAD3ACD-AB31-40F4-84BD-B3FD61F60412}.DVD-5|Win32.ActiveCfg = Debug|x86
		{9FAD3ACD-AB31-40F4-84BD-B3FD61F60412}.DVD-5|x86.ActiveCfg = Debug|x86
		{9FAD3ACD-AB31-40F4-84BD-B3FD61F60412}.DVD-5|x86.Build.0 = Debug|x86
		{9FAD3ACD-AB31-40F4-84BD-B3FD61F60412}.Release|Any CPU.ActiveCfg = Release|x86
		{9FAD3ACD-AB31-40F4-84BD-B3FD61F60412}.Release|Mixed Platforms.ActiveCfg = Release|x86
		{9FAD3ACD-AB31-40F4-84BD-B3FD61F60412}.Release|Mixed Platforms.Build.0 = Release|x86
		{9FAD3ACD-AB31-40F4-84BD-B3FD61F60412}.Release|Win32.ActiveCfg = Release|x86
		{9FAD3ACD-AB31-40F4-84BD-B3FD61F60412}.Release|x86.ActiveCfg = Release|x86
		{9FAD3ACD-AB31-40F4-84BD-B3FD61F60412}.Release|x86.Build.0 = Release|x86
		{9FAD3ACD-AB31-40F4-84BD-B3FD61F60412}.SingleImage|Any CPU.ActiveCfg = Release|x86
		{9FAD3ACD-AB31-40F4-84BD-B3FD61F60412}.SingleImage|Mixed Platforms.ActiveCfg = Release|x86
		{9FAD3ACD-AB31-40F4-84BD-B3FD61F60412}.SingleImage|Mixed Platforms.Build.0 = Release|x86
		{9FAD3ACD-AB31-40F4-84BD-B3FD61F60412}.SingleImage|Win32.ActiveCfg = Release|x86
		{9FAD3ACD-AB31-40F4-84BD-B3FD61F60412}.SingleImage|x86.ActiveCfg = Release|x86
		{9FAD3ACD-AB31-40F4-84BD-B3FD61F60412}.SingleImage|x86.Build.0 = Release|x86
		{DC073E7C-6999-4B99-9C49-DA1428ADB284}.CD_ROM|Any CPU.ActiveCfg = Release|x86
		{DC073E7C-6999-4B99-9C49-DA1428ADB284}.CD_ROM|Mixed Platforms.ActiveCfg = Release|x86
		{DC073E7C-6999-4B99-9C49-DA1428ADB284}.CD_ROM|Mixed Platforms.Build.0 = Release|x86
		{DC073E7C-6999-4B99-9C49-DA1428ADB284}.CD_ROM|Win32.ActiveCfg = Release|x86
		{DC073E7C-6999-4B99-9C49-DA1428ADB284}.CD_ROM|x86.ActiveCfg = Release|x86
		{DC073E7C-6999-4B99-9C49-DA1428ADB284}.CD_ROM|x86.Build.0 = Release|x86
		{DC073E7C-6999-4B99-9C49-DA1428ADB284}.Debug|Any CPU.ActiveCfg = Debug|x86
		{DC073E7C-6999-4B99-9C49-DA1428ADB284}.Debug|Mixed Platforms.ActiveCfg = Debug|x86
		{DC073E7C-6999-4B99-9C49-DA1428ADB284}.Debug|Mixed Platforms.Build.0 = Debug|x86
		{DC073E7C-6999-4B99-9C49-DA1428ADB284}.Debug|Win32.ActiveCfg = Debug|x86
		{DC073E7C-6999-4B99-9C49-DA1428ADB284}.Debug|x86.ActiveCfg = Debug|x86
		{DC073E7C-6999-4B99-9C49-DA1428ADB284}.Debug|x86.Build.0 = Debug|x86
		{DC073E7C-6999-4B99-9C49-DA1428ADB284}.DVD-5|Any CPU.ActiveCfg = Debug|x86
		{DC073E7C-6999-4B99-9C49-DA1428ADB284}.DVD-5|Mixed Platforms.ActiveCfg = Debug|x86
		{DC073E7C-6999-4B99-9C49-DA1428ADB284}.DVD-5|Mixed Platforms.Build.0 = Debug|x86
		{DC073E7C-6999-4B99-9C49-DA1428ADB284}.DVD-5|Win32.ActiveCfg = Debug|x86
		{DC073E7C-6999-4B99-9C49-DA1428ADB284}.DVD-5|x86.ActiveCfg = Debug|x86
		{DC073E7C-6999-4B99-9C49-DA1428ADB284}.DVD-5|x86.Build.0 = Debug|x86
		{DC073E7C-6999-4B99-9C49-DA1428ADB284}.Release|Any CPU.ActiveCfg = Release|x86
		{DC073E7C-6999-4B99-9C49-DA1428ADB284}.Release|Mixed Platforms.ActiveCfg = Release|x86
		{DC073E7C-6999-4B99-9C49-DA1428ADB284}.Release|Mixed Platforms.Build.0 = Release|x86
		{DC073E7C-6999-4B99-9C49-DA1428ADB284}.Release|Win32.ActiveCfg = Release|x86
		{DC073E7C-6999-4B99-9C49-DA1428ADB284}.Release|x86.ActiveCfg = Release|x86
		{DC073E7C-6999-4B99-9C49-DA1428ADB284}.Release|x86.Build.0 = Release|x86
		{DC073E7C-6999-4B99-9C49-DA1428ADB284}.SingleImage|Any CPU.ActiveCfg = Release|x86
		{DC073E7C-6999-4B99-9C49-DA1428ADB284}.SingleImage|Mixed Platforms.ActiveCfg = Release|x86
		{DC073E7C-6999-4B99-9C49-DA1428ADB284}.SingleImage|Mixed Platforms.Build.0 = Release|x86
		{DC073E7C-6999-4B99-9C49-DA1428ADB284}.SingleImage|Win32.ActiveCfg = Release|x86
		{DC073E7C-6999-4B99-9C49-DA1428ADB284}.SingleImage|x86.ActiveCfg = Release|x86
		{DC073E7C-6999-4B99-9C49-DA1428ADB284}.SingleImage|x86.Build.0 = Release|x86
		{5855913A-9305-4587-9BDC-85D085D4A541}.CD_ROM|Any CPU.ActiveCfg = CD_ROM
		{5855913A-9305-4587-9BDC-85D085D4A541}.CD_ROM|Any CPU.Build.0 = CD_ROM
		{5855913A-9305-4587-9BDC-85D085D4A541}.CD_ROM|Mixed Platforms.ActiveCfg = CD_ROM
		{5855913A-9305-4587-9BDC-85D085D4A541}.CD_ROM|Mixed Platforms.Build.0 = CD_ROM
		{5855913A-9305-4587-9BDC-85D085D4A541}.CD_ROM|Win32.ActiveCfg = CD_ROM
		{5855913A-9305-4587-9BDC-85D085D4A541}.CD_ROM|x86.ActiveCfg = CD_ROM
		{5855913A-9305-4587-9BDC-85D085D4A541}.CD_ROM|x86.Build.0 = CD_ROM
		{5855913A-9305-4587-9BDC-85D085D4A541}.Debug|Any CPU.ActiveCfg = DVD-5
		{5855913A-9305-4587-9BDC-85D085D4A541}.Debug|Any CPU.Build.0 = DVD-5
		{5855913A-9305-4587-9BDC-85D085D4A541}.Debug|Mixed Platforms.ActiveCfg = DVD-5
		{5855913A-9305-4587-9BDC-85D085D4A541}.Debug|Mixed Platforms.Build.0 = DVD-5
		{5855913A-9305-4587-9BDC-85D085D4A541}.Debug|Win32.ActiveCfg = DVD-5
		{5855913A-9305-4587-9BDC-85D085D4A541}.Debug|x86.ActiveCfg = DVD-5
		{5855913A-9305-4587-9BDC-85D085D4A541}.Debug|x86.Build.0 = DVD-5
		{5855913A-9305-4587-9BDC-85D085D4A541}.DVD-5|Any CPU.ActiveCfg = DVD-5
		{5855913A-9305-4587-9BDC-85D085D4A541}.DVD-5|Any CPU.Build.0 = DVD-5
		{5855913A-9305-4587-9BDC-85D085D4A541}.DVD-5|Mixed Platforms.ActiveCfg = DVD-5
		{5855913A-9305-4587-9BDC-85D085D4A541}.DVD-5|Mixed Platforms.Build.0 = DVD-5
		{5855913A-9305-4587-9BDC-85D085D4A541}.DVD-5|Win32.ActiveCfg = DVD-5
		{5855913A-9305-4587-9BDC-85D085D4A541}.DVD-5|x86.ActiveCfg = DVD-5
		{5855913A-9305-4587-9BDC-85D085D4A541}.DVD-5|x86.Build.0 = DVD-5
		{5855913A-9305-4587-9BDC-85D085D4A541}.Release|Any CPU.ActiveCfg = SingleImage
		{5855913A-9305-4587-9BDC-85D085D4A541}.Release|Any CPU.Build.0 = SingleImage
		{5855913A-9305-4587-9BDC-85D085D4A541}.Release|Mixed Platforms.ActiveCfg = SingleImage
		{5855913A-9305-4587-9BDC-85D085D4A541}.Release|Mixed Platforms.Build.0 = SingleImage
		{5855913A-9305-4587-9BDC-85D085D4A541}.Release|Win32.ActiveCfg = SingleImage
		{5855913A-9305-4587-9BDC-85D085D4A541}.Release|x86.ActiveCfg = SingleImage
		{5855913A-9305-4587-9BDC-85D085D4A541}.Release|x86.Build.0 = SingleImage
		{5855913A-9305-4587-9BDC-85D085D4A541}.SingleImage|Any CPU.ActiveCfg = SingleImage
		{5855913A-9305-4587-9BDC-85D085D4A541}.SingleImage|Any CPU.Build.0 = SingleImage
		{5855913A-9305-4587-9BDC-85D085D4A541}.SingleImage|Mixed Platforms.ActiveCfg = SingleImage
		{5855913A-9305-4587-9BDC-85D085D4A541}.SingleImage|Mixed Platforms.Build.0 = SingleImage
		{5855913A-9305-4587-9BDC-85D085D4A541}.SingleImage|Win32.ActiveCfg = SingleImage
		{5855913A-9305-4587-9BDC-85D085D4A541}.SingleImage|x86.ActiveCfg = SingleImage
		{5855913A-9305-4587-9BDC-85D085D4A541}.SingleImage|x86.Build.0 = SingleImage
		{612AFE73-19BE-411B-8E68-8F42A65F064F}.CD_ROM|Any CPU.ActiveCfg = Release|Win32
		{612AFE73-19BE-411B-8E68-8F42A65F064F}.CD_ROM|Mixed Platforms.ActiveCfg = Release|Win32
		{612AFE73-19BE-411B-8E68-8F42A65F064F}.CD_ROM|Mixed Platforms.Build.0 = Release|Win32
		{612AFE73-19BE-411B-8E68-8F42A65F064F}.CD_ROM|Win32.ActiveCfg = Release|Win32
		{612AFE73-19BE-411B-8E68-8F42A65F064F}.CD_ROM|Win32.Build.0 = Release|Win32
		{612AFE73-19BE-411B-8E68-8F42A65F064F}.CD_ROM|x86.ActiveCfg = Release|Win32
		{612AFE73-19BE-411B-8E68-8F42A65F064F}.Debug|Any CPU.ActiveCfg = Debug|Win32
		{612AFE73-19BE-411B-8E68-8F42A65F064F}.Debug|Mixed Platforms.ActiveCfg = Debug|Win32
		{612AFE73-19BE-411B-8E68-8F42A65F064F}.Debug|Mixed Platforms.Build.0 = Debug|Win32
		{612AFE73-19BE-411B-8E68-8F42A65F064F}.Debug|Win32.ActiveCfg = Debug|Win32
		{612AFE73-19BE-411B-8E68-8F42A65F064F}.Debug|Win32.Build.0 = Debug|Win32
		{612AFE73-19BE-411B-8E68-8F42A65F064F}.Debug|x86.ActiveCfg = Debug|Win32
		{612AFE73-19BE-411B-8E68-8F42A65F064F}.DVD-5|Any CPU.ActiveCfg = Debug|Win32
		{612AFE73-19BE-411B-8E68-8F42A65F064F}.DVD-5|Mixed Platforms.ActiveCfg = Debug|Win32
		{612AFE73-19BE-411B-8E68-8F42A65F064F}.DVD-5|Mixed Platforms.Build.0 = Debug|Win32
		{612AFE73-19BE-411B-8E68-8F42A65F064F}.DVD-5|Win32.ActiveCfg = Debug|Win32
		{612AFE73-19BE-411B-8E68-8F42A65F064F}.DVD-5|Win32.Build.0 = Debug|Win32
		{612AFE73-19BE-411B-8E68-8F42A65F064F}.DVD-5|x86.ActiveCfg = Debug|Win32
		{612AFE73-19BE-411B-8E68-8F42A65F064F}.Release|Any CPU.ActiveCfg = Release|Win32
		{612AFE73-19BE-411B-8E68-8F42A65F064F}.Release|Mixed Platforms.ActiveCfg = Release|Win32
		{612AFE73-19BE-411B-8E68-8F42A65F064F}.Release|Mixed Platforms.Build.0 = Release|Win32
		{612AFE73-19BE-411B-8E68-8F42A65F064F}.Release|Win32.ActiveCfg = Release|Win32
		{612AFE73-19BE-411B-8E68-8F42A65F064F}.Release|Win32.Build.0 = Release|Win32
		{612AFE73-19BE-411B-8E68-8F42A65F064F}.Release|x86.ActiveCfg = Release|Win32
		{612AFE73-19BE-411B-8E68-8F42A65F064F}.SingleImage|Any CPU.ActiveCfg = Release|Win32
		{612AFE73-19BE-411B-8E68-8F42A65F064F}.SingleImage|Mixed Platforms.ActiveCfg = Release|Win32
		{612AFE73-19BE-411B-8E68-8F42A65F064F}.SingleImage|Mixed Platforms.Build.0 = Release|Win32
		{612AFE73-19BE-411B-8E68-8F42A65F064F}.SingleImage|Win32.ActiveCfg = Release|Win32
		{612AFE73-19BE-411B-8E68-8F42A65F064F}.SingleImage|Win32.Build.0 = Release|Win32
		{612AFE73-19BE-411B-8E68-8F42A65F064F}.SingleImage|x86.ActiveCfg = Release|Win32
		{F9E10362-590B-45F0-B0B5-912DAD1EFBAA}.CD_ROM|Any CPU.ActiveCfg = CD_ROM
		{F9E10362-590B-45F0-B0B5-912DAD1EFBAA}.CD_ROM|Any CPU.Build.0 = CD_ROM
		{F9E10362-590B-45F0-B0B5-912DAD1EFBAA}.CD_ROM|Mixed Platforms.ActiveCfg = CD_ROM
		{F9E10362-590B-45F0-B0B5-912DAD1EFBAA}.CD_ROM|Mixed Platforms.Build.0 = CD_ROM
		{F9E10362-590B-45F0-B0B5-912DAD1EFBAA}.CD_ROM|Win32.ActiveCfg = CD_ROM
		{F9E10362-590B-45F0-B0B5-912DAD1EFBAA}.CD_ROM|Win32.Build.0 = CD_ROM
		{F9E10362-590B-45F0-B0B5-912DAD1EFBAA}.CD_ROM|x86.ActiveCfg = CD_ROM
		{F9E10362-590B-45F0-B0B5-912DAD1EFBAA}.CD_ROM|x86.Build.0 = CD_ROM
		{F9E10362-590B-45F0-B0B5-912DAD1EFBAA}.Debug|Any CPU.ActiveCfg = DVD-5
		{F9E10362-590B-45F0-B0B5-912DAD1EFBAA}.Debug|Any CPU.Build.0 = DVD-5
		{F9E10362-590B-45F0-B0B5-912DAD1EFBAA}.Debug|Mixed Platforms.ActiveCfg = DVD-5
		{F9E10362-590B-45F0-B0B5-912DAD1EFBAA}.Debug|Mixed Platforms.Build.0 = DVD-5
		{F9E10362-590B-45F0-B0B5-912DAD1EFBAA}.Debug|Win32.ActiveCfg = DVD-5
		{F9E10362-590B-45F0-B0B5-912DAD1EFBAA}.Debug|Win32.Build.0 = DVD-5
		{F9E10362-590B-45F0-B0B5-912DAD1EFBAA}.Debug|x86.ActiveCfg = DVD-5
		{F9E10362-590B-45F0-B0B5-912DAD1EFBAA}.Debug|x86.Build.0 = DVD-5
		{F9E10362-590B-45F0-B0B5-912DAD1EFBAA}.DVD-5|Any CPU.ActiveCfg = DVD-5
		{F9E10362-590B-45F0-B0B5-912DAD1EFBAA}.DVD-5|Any CPU.Build.0 = DVD-5
		{F9E10362-590B-45F0-B0B5-912DAD1EFBAA}.DVD-5|Mixed Platforms.ActiveCfg = DVD-5
		{F9E10362-590B-45F0-B0B5-912DAD1EFBAA}.DVD-5|Mixed Platforms.Build.0 = DVD-5
		{F9E10362-590B-45F0-B0B5-912DAD1EFBAA}.DVD-5|Win32.ActiveCfg = DVD-5
		{F9E10362-590B-45F0-B0B5-912DAD1EFBAA}.DVD-5|Win32.Build.0 = DVD-5
		{F9E10362-590B-45F0-B0B5-912DAD1EFBAA}.DVD-5|x86.ActiveCfg = DVD-5
		{F9E10362-590B-45F0-B0B5-912DAD1EFBAA}.DVD-5|x86.Build.0 = DVD-5
		{F9E10362-590B-45F0-B0B5-912DAD1EFBAA}.Release|Any CPU.ActiveCfg = SingleImage
		{F9E10362-590B-45F0-B0B5-912DAD1EFBAA}.Release|Any CPU.Build.0 = SingleImage
		{F9E10362-590B-45F0-B0B5-912DAD1EFBAA}.Release|Mixed Platforms.ActiveCfg = SingleImage
		{F9E10362-590B-45F0-B0B5-912DAD1EFBAA}.Release|Mixed Platforms.Build.0 = SingleImage
		{F9E10362-590B-45F0-B0B5-912DAD1EFBAA}.Release|Win32.ActiveCfg = SingleImage
		{F9E10362-590B-45F0-B0B5-912DAD1EFBAA}.Release|Win32.Build.0 = SingleImage
		{F9E10362-590B-45F0-B0B5-912DAD1EFBAA}.Release|x86.ActiveCfg = SingleImage
		{F9E10362-590B-45F0-B0B5-912DAD1EFBAA}.Release|x86.Build.0 = SingleImage
		{F9E10362-590B-45F0-B0B5-912DAD1EFBAA}.SingleImage|Any CPU.ActiveCfg = SingleImage
		{F9E10362-590B-45F0-B0B5-912DAD1EFBAA}.SingleImage|Any CPU.Build.0 = SingleImage
		{F9E10362-590B-45F0-B0B5-912DAD1EFBAA}.SingleImage|Mixed Platforms.ActiveCfg = SingleImage
		{F9E10362-590B-45F0-B0B5-912DAD1EFBAA}.SingleImage|Mixed Platforms.Build.0 = SingleImage
		{F9E10362-590B-45F0-B0B5-912DAD1EFBAA}.SingleImage|Win32.ActiveCfg = SingleImage
		{F9E10362-590B-45F0-B0B5-912DAD1EFBAA}.SingleImage|Win32.Build.0 = SingleImage
		{F9E10362-590B-45F0-B0B5-912DAD1EFBAA}.SingleImage|x86.ActiveCfg = SingleImage
		{F9E10362-590B-45F0-B0B5-912DAD1EFBAA}.SingleImage|x86.Build.0 = SingleImage
		{F88E4B13-0E52-4821-B742-D8A833E7AC1F}.CD_ROM|Any CPU.ActiveCfg = CD_ROM
		{F88E4B13-0E52-4821-B742-D8A833E7AC1F}.CD_ROM|Any CPU.Build.0 = CD_ROM
		{F88E4B13-0E52-4821-B742-D8A833E7AC1F}.CD_ROM|Mixed Platforms.ActiveCfg = CD_ROM
		{F88E4B13-0E52-4821-B742-D8A833E7AC1F}.CD_ROM|Mixed Platforms.Build.0 = CD_ROM
		{F88E4B13-0E52-4821-B742-D8A833E7AC1F}.CD_ROM|Win32.ActiveCfg = CD_ROM
		{F88E4B13-0E52-4821-B742-D8A833E7AC1F}.CD_ROM|Win32.Build.0 = CD_ROM
		{F88E4B13-0E52-4821-B742-D8A833E7AC1F}.CD_ROM|x86.ActiveCfg = CD_ROM
		{F88E4B13-0E52-4821-B742-D8A833E7AC1F}.CD_ROM|x86.Build.0 = CD_ROM
		{F88E4B13-0E52-4821-B742-D8A833E7AC1F}.Debug|Any CPU.ActiveCfg = DVD-5
		{F88E4B13-0E52-4821-B742-D8A833E7AC1F}.Debug|Any CPU.Build.0 = DVD-5
		{F88E4B13-0E52-4821-B742-D8A833E7AC1F}.Debug|Mixed Platforms.ActiveCfg = DVD-5
		{F88E4B13-0E52-4821-B742-D8A833E7AC1F}.Debug|Mixed Platforms.Build.0 = DVD-5
		{F88E4B13-0E52-4821-B742-D8A833E7AC1F}.Debug|Win32.ActiveCfg = DVD-5
		{F88E4B13-0E52-4821-B742-D8A833E7AC1F}.Debug|Win32.Build.0 = DVD-5
		{F88E4B13-0E52-4821-B742-D8A833E7AC1F}.Debug|x86.ActiveCfg = DVD-5
		{F88E4B13-0E52-4821-B742-D8A833E7AC1F}.Debug|x86.Build.0 = DVD-5
		{F88E4B13-0E52-4821-B742-D8A833E7AC1F}.DVD-5|Any CPU.ActiveCfg = DVD-5
		{F88E4B13-0E52-4821-B742-D8A833E7AC1F}.DVD-5|Any CPU.Build.0 = DVD-5
		{F88E4B13-0E52-4821-B742-D8A833E7AC1F}.DVD-5|Mixed Platforms.ActiveCfg = DVD-5
		{F88E4B13-0E52-4821-B742-D8A833E7AC1F}.DVD-5|Mixed Platforms.Build.0 = DVD-5
		{F88E4B13-0E52-4821-B742-D8A833E7AC1F}.DVD-5|Win32.ActiveCfg = DVD-5
		{F88E4B13-0E52-4821-B742-D8A833E7AC1F}.DVD-5|Win32.Build.0 = DVD-5
		{F88E4B13-0E52-4821-B742-D8A833E7AC1F}.DVD-5|x86.ActiveCfg = DVD-5
		{F88E4B13-0E52-4821-B742-D8A833E7AC1F}.DVD-5|x86.Build.0 = DVD-5
		{F88E4B13-0E52-4821-B742-D8A833E7AC1F}.Release|Any CPU.ActiveCfg = SingleImage
		{F88E4B13-0E52-4821-B742-D8A833E7AC1F}.Release|Any CPU.Build.0 = SingleImage
		{F88E4B13-0E52-4821-B742-D8A833E7AC1F}.Release|Mixed Platforms.ActiveCfg = SingleImage
		{F88E4B13-0E52-4821-B742-D8A833E7AC1F}.Release|Mixed Platforms.Build.0 = SingleImage
		{F88E4B13-0E52-4821-B742-D8A833E7AC1F}.Release|Win32.ActiveCfg = SingleImage
		{F88E4B13-0E52-4821-B742-D8A833E7AC1F}.Release|Win32.Build.0 = SingleImage
		{F88E4B13-0E52-4821-B742-D8A833E7AC1F}.Release|x86.ActiveCfg = SingleImage
		{F88E4B13-0E52-4821-B742-D8A833E7AC1F}.Release|x86.Build.0 = SingleImage
		{F88E4B13-0E52-4821-B742-D8A833E7AC1F}.SingleImage|Any CPU.ActiveCfg = SingleImage
		{F88E4B13-0E52-4821-B742-D8A833E7AC1F}.SingleImage|Any CPU.Build.0 = SingleImage
		{F88E4B13-0E52-4821-B742-D8A833E7AC1F}.SingleImage|Mixed Platforms.ActiveCfg = SingleImage
		{F88E4B13-0E52-4821-B742-D8A833E7AC1F}.SingleImage|Mixed Platforms.Build.0 = SingleImage
		{F88E4B13-0E52-4821-B742-D8A833E7AC1F}.SingleImage|Win32.ActiveCfg = SingleImage
		{F88E4B13-0E52-4821-B742-D8A833E7AC1F}.SingleImage|Win32.Build.0 = SingleImage
		{F88E4B13-0E52-4821-B742-D8A833E7AC1F}.SingleImage|x86.ActiveCfg = SingleImage
		{F88E4B13-0E52-4821-B742-D8A833E7AC1F}.SingleImage|x86.Build.0 = SingleImage
	EndGlobalSection
	GlobalSection(SolutionProperties) = preSolution
		HideSolutionNode = FALSE
	EndGlobalSection
EndGlobal
